
Microsoft Visual Studio Solution File, Format Version 12.00
# Visual Studio Version 17
VisualStudioVersion = 17.0.31919.166
MinimumVisualStudioVersion = 10.0.40219.1
Project("{9A19103F-16F7-4668-BE54-9A1E7A4F7556}") = "Mc.Domin", "Mc.Domin\Mc.Domin.csproj", "{D6918A30-9F23-4552-9C10-4E0315297A88}"
EndProject
Project("{9A19103F-16F7-4668-BE54-9A1E7A4F7556}") = "Mc.ApplicationContracts", "ApplicationContracts\Mc.ApplicationContracts.csproj", "{7DBF1E4A-D850-443F-9B39-66E977979A97}"
EndProject
Project("{9A19103F-16F7-4668-BE54-9A1E7A4F7556}") = "Mc.Application", "Application\Mc.Application.csproj", "{6D55067B-F9EE-46D0-846D-15EF628C10C6}"
EndProject
Project("{9A19103F-16F7-4668-BE54-9A1E7A4F7556}") = "Mc.Insfrastucture", "Mc.Insfrastucture\Mc.Insfrastucture.csproj", "{2A7D5B0E-0FDE-44BE-B476-C96D57C1232F}"
EndProject
Project("{9A19103F-16F7-4668-BE54-9A1E7A4F7556}") = "MC.Presentations.MVCCore", "MC.Presentations.MVCCore\MC.Presentations.MVCCore.csproj", "{497BA013-56DB-4D63-8A78-CDF876777D0D}"
EndProject
Project("{FAE04EC0-301F-11D3-BF4B-00C04F79EFBC}") = "Mc.Query", "Mc.Query\Mc.Query.csproj", "{146F31C1-4F3D-4667-91E0-32EF80893AE7}"
EndProject
Global
	GlobalSection(SolutionConfigurationPlatforms) = preSolution
		Debug|Any CPU = Debug|Any CPU
		Release|Any CPU = Release|Any CPU
	EndGlobalSection
	GlobalSection(ProjectConfigurationPlatforms) = postSolution
		{D6918A30-9F23-4552-9C10-4E0315297A88}.Debug|Any CPU.ActiveCfg = Debug|Any CPU
		{D6918A30-9F23-4552-9C10-4E0315297A88}.Debug|Any CPU.Build.0 = Debug|Any CPU
		{D6918A30-9F23-4552-9C10-4E0315297A88}.Release|Any CPU.ActiveCfg = Release|Any CPU
		{D6918A30-9F23-4552-9C10-4E0315297A88}.Release|Any CPU.Build.0 = Release|Any CPU
		{7DBF1E4A-D850-443F-9B39-66E977979A97}.Debug|Any CPU.ActiveCfg = Debug|Any CPU
		{7DBF1E4A-D850-443F-9B39-66E977979A97}.Debug|Any CPU.Build.0 = Debug|Any CPU
		{7DBF1E4A-D850-443F-9B39-66E977979A97}.Release|Any CPU.ActiveCfg = Release|Any CPU
		{7DBF1E4A-D850-443F-9B39-66E977979A97}.Release|Any CPU.Build.0 = Release|Any CPU
		{6D55067B-F9EE-46D0-846D-15EF628C10C6}.Debug|Any CPU.ActiveCfg = Debug|Any CPU
		{6D55067B-F9EE-46D0-846D-15EF628C10C6}.Debug|Any CPU.Build.0 = Debug|Any CPU
		{6D55067B-F9EE-46D0-846D-15EF628C10C6}.Release|Any CPU.ActiveCfg = Release|Any CPU
		{6D55067B-F9EE-46D0-846D-15EF628C10C6}.Release|Any CPU.Build.0 = Release|Any CPU
		{2A7D5B0E-0FDE-44BE-B476-C96D57C1232F}.Debug|Any CPU.ActiveCfg = Debug|Any CPU
		{2A7D5B0E-0FDE-44BE-B476-C96D57C1232F}.Debug|Any CPU.Build.0 = Debug|Any CPU
		{2A7D5B0E-0FDE-44BE-B476-C96D57C1232F}.Release|Any CPU.ActiveCfg = Release|Any CPU
		{2A7D5B0E-0FDE-44BE-B476-C96D57C1232F}.Release|Any CPU.Build.0 = Release|Any CPU
		{497BA013-56DB-4D63-8A78-CDF876777D0D}.Debug|Any CPU.ActiveCfg = Debug|Any CPU
		{497BA013-56DB-4D63-8A78-CDF876777D0D}.Debug|Any CPU.Build.0 = Debug|Any CPU
		{497BA013-56DB-4D63-8A78-CDF876777D0D}.Release|Any CPU.ActiveCfg = Release|Any CPU
		{497BA013-56DB-4D63-8A78-CDF876777D0D}.Release|Any CPU.Build.0 = Release|Any CPU
		{146F31C1-4F3D-4667-91E0-32EF80893AE7}.Debug|Any CPU.ActiveCfg = Debug|Any CPU
		{146F31C1-4F3D-4667-91E0-32EF80893AE7}.Debug|Any CPU.Build.0 = Debug|Any CPU
		{146F31C1-4F3D-4667-91E0-32EF80893AE7}.Release|Any CPU.ActiveCfg = Release|Any CPU
		{146F31C1-4F3D-4667-91E0-32EF80893AE7}.Release|Any CPU.Build.0 = Release|Any CPU
	EndGlobalSection
	GlobalSection(SolutionProperties) = preSolution
		HideSolutionNode = FALSE
	EndGlobalSection
	GlobalSection(ExtensibilityGlobals) = postSolution
		SolutionGuid = {6363D0EA-54A1-42D3-B8A0-89D21D4A5831}
	EndGlobalSection
EndGlobal
